
Microsoft Visual Studio Solution File, Format Version 12.00
# Visual Studio 15
VisualStudioVersion = 15.0.28010.0
MinimumVisualStudioVersion = 10.0.40219.1
Project("{8BC9CEB8-8B4A-11D0-8D11-00A0C91BC942}") = "flear", "flear.vcxproj", "{EC2705BD-285D-427F-B44D-096C752C8AC8}"
EndProject
Global
	GlobalSection(SolutionConfigurationPlatforms) = preSolution
		Debug|x64 = Debug|x64
		Debug|x86 = Debug|x86
		Release|x64 = Release|x64
		Release|x86 = Release|x86
	EndGlobalSection
	GlobalSection(ProjectConfigurationPlatforms) = postSolution
		{EC2705BD-285D-427F-B44D-096C752C8AC8}.Debug|x64.ActiveCfg = Debug|x64
		{EC2705BD-285D-427F-B44D-096C752C8AC8}.Debug|x64.Build.0 = Debug|x64
		{EC2705BD-285D-427F-B44D-096C752C8AC8}.Debug|x86.ActiveCfg = Debug|Win32
		{EC2705BD-285D-427F-B44D-096C752C8AC8}.Debug|x86.Build.0 = Debug|Win32
		{EC2705BD-285D-427F-B44D-096C752C8AC8}.Release|x64.ActiveCfg = Release|x64
		{EC2705BD-285D-427F-B44D-096C752C8AC8}.Release|x64.Build.0 = Release|x64
		{EC2705BD-285D-427F-B44D-096C752C8AC8}.Release|x86.ActiveCfg = Release|Win32
		{EC2705BD-285D-427F-B44D-096C752C8AC8}.Release|x86.Build.0 = Release|Win32
	EndGlobalSection
	GlobalSection(SolutionProperties) = preSolution
		HideSolutionNode = FALSE
	EndGlobalSection
	GlobalSection(ExtensibilityGlobals) = postSolution
		SolutionGuid = {BCB62571-E7E9-4419-9866-9E9530EE6E93}
	EndGlobalSection
EndGlobal
